// !$*UTF8*$!
{
	archiveVersion = 1;
	classes = {
	};
	objectVersion = 46;
	objects = {

/* Begin PBXBuildFile section */
		28713C951EA8AFB50074A170 /* AppDelegate.swift in Sources */ = {isa = PBXBuildFile; fileRef = 28713C941EA8AFB50074A170 /* AppDelegate.swift */; };
		28713C971EA8AFB50074A170 /* ViewController.swift in Sources */ = {isa = PBXBuildFile; fileRef = 28713C961EA8AFB50074A170 /* ViewController.swift */; };
		28713C9A1EA8AFB50074A170 /* Main.storyboard in Resources */ = {isa = PBXBuildFile; fileRef = 28713C981EA8AFB50074A170 /* Main.storyboard */; };
		28713C9C1EA8AFB50074A170 /* Assets.xcassets in Resources */ = {isa = PBXBuildFile; fileRef = 28713C9B1EA8AFB50074A170 /* Assets.xcassets */; };
		28713C9F1EA8AFB50074A170 /* LaunchScreen.storyboard in Resources */ = {isa = PBXBuildFile; fileRef = 28713C9D1EA8AFB50074A170 /* LaunchScreen.storyboard */; };
		28713CA81EA8AFDE0074A170 /* ImagePicker.swift in Sources */ = {isa = PBXBuildFile; fileRef = 28713CA71EA8AFDE0074A170 /* ImagePicker.swift */; };
/* End PBXBuildFile section */

/* Begin PBXFileReference section */
		28713C911EA8AFB50074A170 /* ImagePicker.app */ = {isa = PBXFileReference; explicitFileType = wrapper.application; includeInIndex = 0; path = ImagePicker.app; sourceTree = BUILT_PRODUCTS_DIR; };
		28713C941EA8AFB50074A170 /* AppDelegate.swift */ = {isa = PBXFileReference; lastKnownFileType = sourcecode.swift; path = AppDelegate.swift; sourceTree = "<group>"; };
		28713C961EA8AFB50074A170 /* ViewController.swift */ = {isa = PBXFileReference; lastKnownFileType = sourcecode.swift; path = ViewController.swift; sourceTree = "<group>"; };
		28713C991EA8AFB50074A170 /* Base */ = {isa = PBXFileReference; lastKnownFileType = file.storyboard; name = Base; path = Base.lproj/Main.storyboard; sourceTree = "<group>"; };
		28713C9B1EA8AFB50074A170 /* Assets.xcassets */ = {isa = PBXFileReference; lastKnownFileType = folder.assetcatalog; path = Assets.xcassets; sourceTree = "<group>"; };
		28713C9E1EA8AFB50074A170 /* Base */ = {isa = PBXFileReference; lastKnownFileType = file.storyboard; name = Base; path = Base.lproj/LaunchScreen.storyboard; sourceTree = "<group>"; };
		28713CA01EA8AFB50074A170 /* Info.plist */ = {isa = PBXFileReference; lastKnownFileType = text.plist.xml; path = Info.plist; sourceTree = "<group>"; };
		28713CA71EA8AFDE0074A170 /* ImagePicker.swift */ = {isa = PBXFileReference; fileEncoding = 4; lastKnownFileType = sourcecode.swift; path = ImagePicker.swift; sourceTree = "<group>"; };
/* End PBXFileReference section */

/* Begin PBXFrameworksBuildPhase section */
		28713C8E1EA8AFB50074A170 /* Frameworks */ = {
			isa = PBXFrameworksBuildPhase;
			buildActionMask = 2147483647;
			files = (
			);
			runOnlyForDeploymentPostprocessing = 0;
		};
/* End PBXFrameworksBuildPhase section */

/* Begin PBXGroup section */
		28713C881EA8AFB50074A170 = {
			isa = PBXGroup;
			children = (
				28713C931EA8AFB50074A170 /* ImagePicker */,
				28713C921EA8AFB50074A170 /* Products */,
			);
			sourceTree = "<group>";
		};
		28713C921EA8AFB50074A170 /* Products */ = {
			isa = PBXGroup;
			children = (
				28713C911EA8AFB50074A170 /* ImagePicker.app */,
			);
			name = Products;
			sourceTree = "<group>";
		};
		28713C931EA8AFB50074A170 /* ImagePicker */ = {
			isa = PBXGroup;
			children = (
				28713CA61EA8AFDE0074A170 /* ImagePicker */,
				28713C941EA8AFB50074A170 /* AppDelegate.swift */,
				28713C961EA8AFB50074A170 /* ViewController.swift */,
				28713C981EA8AFB50074A170 /* Main.storyboard */,
				28713C9B1EA8AFB50074A170 /* Assets.xcassets */,
				28713C9D1EA8AFB50074A170 /* LaunchScreen.storyboard */,
				28713CA01EA8AFB50074A170 /* Info.plist */,
			);
			path = ImagePicker;
			sourceTree = "<group>";
		};
		28713CA61EA8AFDE0074A170 /* ImagePicker */ = {
			isa = PBXGroup;
			children = (
				28713CA71EA8AFDE0074A170 /* ImagePicker.swift */,
			);
			path = ImagePicker;
			sourceTree = "<group>";
		};
/* End PBXGroup section */

/* Begin PBXNativeTarget section */
		28713C901EA8AFB50074A170 /* ImagePicker */ = {
			isa = PBXNativeTarget;
			buildConfigurationList = 28713CA31EA8AFB50074A170 /* Build configuration list for PBXNativeTarget "ImagePicker" */;
			buildPhases = (
				28713C8D1EA8AFB50074A170 /* Sources */,
				28713C8E1EA8AFB50074A170 /* Frameworks */,
				28713C8F1EA8AFB50074A170 /* Resources */,
			);
			buildRules = (
			);
			dependencies = (
			);
			name = ImagePicker;
			productName = ImagePicker;
			productReference = 28713C911EA8AFB50074A170 /* ImagePicker.app */;
			productType = "com.apple.product-type.application";
		};
/* End PBXNativeTarget section */

/* Begin PBXProject section */
		28713C891EA8AFB50074A170 /* Project object */ = {
			isa = PBXProject;
			attributes = {
				LastSwiftUpdateCheck = 0730;
				LastUpgradeCheck = 0730;
				ORGANIZATIONNAME = RBT;
				TargetAttributes = {
					28713C901EA8AFB50074A170 = {
						CreatedOnToolsVersion = 7.3.1;
					};
				};
			};
			buildConfigurationList = 28713C8C1EA8AFB50074A170 /* Build configuration list for PBXProject "ImagePicker" */;
			compatibilityVersion = "Xcode 3.2";
			developmentRegion = English;
			hasScannedForEncodings = 0;
			knownRegions = (
				en,
				Base,
			);
			mainGroup = 28713C881EA8AFB50074A170;
			productRefGroup = 28713C921EA8AFB50074A170 /* Products */;
			projectDirPath = "";
			projectRoot = "";
			targets = (
				28713C901EA8AFB50074A170 /* ImagePicker */,
			);
		};
/* End PBXProject section */

/* Begin PBXResourcesBuildPhase section */
		28713C8F1EA8AFB50074A170 /* Resources */ = {
			isa = PBXResourcesBuildPhase;
			buildActionMask = 2147483647;
			files = (
				28713C9F1EA8AFB50074A170 /* LaunchScreen.storyboard in Resources */,
				28713C9C1EA8AFB50074A170 /* Assets.xcassets in Resources */,
				28713C9A1EA8AFB50074A170 /* Main.storyboard in Resources */,
			);
			runOnlyForDeploymentPostprocessing = 0;
		};
/* End PBXResourcesBuildPhase section */

/* Begin PBXSourcesBuildPhase section */
		28713C8D1EA8AFB50074A170 /* Sources */ = {
			isa = PBXSourcesBuildPhase;
			buildActionMask = 2147483647;
			files = (
				28713CA81EA8AFDE0074A170 /* ImagePicker.swift in Sources */,
				28713C971EA8AFB50074A170 /* ViewController.swift in Sources */,
				28713C951EA8AFB50074A170 /* AppDelegate.swift in Sources */,
			);
			runOnlyForDeploymentPostprocessing = 0;
		};
/* End PBXSourcesBuildPhase section */

/* Begin PBXVariantGroup section */
		28713C981EA8AFB50074A170 /* Main.storyboard */ = {
			isa = PBXVariantGroup;
			children = (
				28713C991EA8AFB50074A170 /* Base */,
			);
			name = Main.storyboard;
			sourceTree = "<group>";
		};
		28713C9D1EA8AFB50074A170 /* LaunchScreen.storyboard */ = {
			isa = PBXVariantGroup;
			children = (
				28713C9E1EA8AFB50074A170 /* Base */,
			);
			name = LaunchScreen.storyboard;
			sourceTree = "<group>";
		};
/* End PBXVariantGroup section */

/* Begin XCBuildConfiguration section */
		28713CA11EA8AFB50074A170 /* Debug */ = {
			isa = XCBuildConfiguration;
			buildSettings = {
				ALWAYS_SEARCH_USER_PATHS = NO;
				CLANG_ANALYZER_NONNULL = YES;
				CLANG_CXX_LANGUAGE_STANDARD = "gnu++0x";
				CLANG_CXX_LIBRARY = "libc++";
				CLANG_ENABLE_MODULES = YES;
				CLANG_ENABLE_OBJC_ARC = YES;
				CLANG_WARN_BOOL_CONVERSION = YES;
				CLANG_WARN_CONSTANT_CONVERSION = YES;
				CLANG_WARN_DIRECT_OBJC_ISA_USAGE = YES_ERROR;
				CLANG_WARN_EMPTY_BODY = YES;
				CLANG_WARN_ENUM_CONVERSION = YES;
				CLANG_WARN_INT_CONVERSION = YES;
				CLANG_WARN_OBJC_ROOT_CLASS = YES_ERROR;
				CLANG_WARN_UNREACHABLE_CODE = YES;
				CLANG_WARN__DUPLICATE_METHOD_MATCH = YES;
				"CODE_SIGN_IDENTITY[sdk=iphoneos*]" = "iPhone Developer";
				COPY_PHASE_STRIP = NO;
				DEBUG_INFORMATION_FORMAT = dwarf;
				ENABLE_STRICT_OBJC_MSGSEND = YES;
				ENABLE_TESTABILITY = YES;
				GCC_C_LANGUAGE_STANDARD = gnu99;
				GCC_DYNAMIC_NO_PIC = NO;
				GCC_NO_COMMON_BLOCKS = YES;
				GCC_OPTIMIZATION_LEVEL = 0;
				GCC_PREPROCESSOR_DEFINITIONS = (
					"DEBUG=1",
					"$(inherited)",
				);
				GCC_WARN_64_TO_32_BIT_CONVERSION = YES;
				GCC_WARN_ABOUT_RETURN_TYPE = YES_ERROR;
				GCC_WARN_UNDECLARED_SELECTOR = YES;
				GCC_WARN_UNINITIALIZED_AUTOS = YES_AGGRESSIVE;
				GCC_WARN_UNUSED_FUNCTION = YES;
				GCC_WARN_UNUSED_VARIABLE = YES;
				IPHONEOS_DEPLOYMENT_TARGET = 9.3;
				MTL_ENABLE_DEBUG_INFO = YES;
				ONLY_ACTIVE_ARCH = YES;
				SDKROOT = iphoneos;
				SWIFT_OPTIMIZATION_LEVEL = "-Onone";
			};
			name = Debug;
		};
		28713CA21EA8AFB50074A170 /* Release */ = {
			isa = XCBuildConfiguration;
			buildSettings = {
				ALWAYS_SEARCH_USER_PATHS = NO;
				CLANG_ANALYZER_NONNULL = YES;
				CLANG_CXX_LANGUAGE_STANDARD = "gnu++0x";
				CLANG_CXX_LIBRARY = "libc++";
				CLANG_ENABLE_MODULES = YES;
				CLANG_ENABLE_OBJC_ARC = YES;
				CLANG_WARN_BOOL_CONVERSION = YES;
				CLANG_WARN_CONSTANT_CONVERSION = YES;
				CLANG_WARN_DIRECT_OBJC_ISA_USAGE = YES_ERROR;
				CLANG_WARN_EMPTY_BODY = YES;
				CLANG_WARN_ENUM_CONVERSION = YES;
				CLANG_WARN_INT_CONVERSION = YES;
				CLANG_WARN_OBJC_ROOT_CLASS = YES_ERROR;
				CLANG_WARN_UNREACHABLE_CODE = YES;
				CLANG_WARN__DUPLICATE_METHOD_MATCH = YES;
				"CODE_SIGN_IDENTITY[sdk=iphoneos*]" = "iPhone Developer";
				COPY_PHASE_STRIP = NO;
				DEBUG_INFORMATION_FORMAT = "dwarf-with-dsym";
				ENABLE_NS_ASSERTIONS = NO;
				ENABLE_STRICT_OBJC_MSGSEND = YES;
				GCC_C_LANGUAGE_STANDARD = gnu99;
				GCC_NO_COMMON_BLOCKS = YES;
				GCC_WARN_64_TO_32_BIT_CONVERSION = YES;
				GCC_WARN_ABOUT_RETURN_TYPE = YES_ERROR;
				GCC_WARN_UNDECLARED_SELECTOR = YES;
				GCC_WARN_UNINITIALIZED_AUTOS = YES_AGGRESSIVE;
				GCC_WARN_UNUSED_FUNCTION = YES;
				GCC_WARN_UNUSED_VARIABLE = YES;
				IPHONEOS_DEPLOYMENT_TARGET = 9.3;
				MTL_ENABLE_DEBUG_INFO = NO;
				SDKROOT = iphoneos;
				VALIDATE_PRODUCT = YES;
			};
			name = Release;
		};
		28713CA41EA8AFB50074A170 /* Debug */ = {
			isa = XCBuildConfiguration;
			buildSettings = {
				ASSETCATALOG_COMPILER_APPICON_NAME = AppIcon;
				INFOPLIST_FILE = ImagePicker/Info.plist;
				LD_RUNPATH_SEARCH_PATHS = "$(inherited) @executable_path/Frameworks";
				PRODUCT_BUNDLE_IDENTIFIER = com.example.com.ImagePicker;
				PRODUCT_NAME = "$(TARGET_NAME)";
			};
			name = Debug;
		};
		28713CA51EA8AFB50074A170 /* Release */ = {
			isa = XCBuildConfiguration;
			buildSettings = {
				ASSETCATALOG_COMPILER_APPICON_NAME = AppIcon;
				INFOPLIST_FILE = ImagePicker/Info.plist;
				LD_RUNPATH_SEARCH_PATHS = "$(inherited) @executable_path/Frameworks";
				PRODUCT_BUNDLE_IDENTIFIER = com.example.com.ImagePicker;
				PRODUCT_NAME = "$(TARGET_NAME)";
			};
			name = Release;
		};
/* End XCBuildConfiguration section */

/* Begin XCConfigurationList section */
		28713C8C1EA8AFB50074A170 /* Build configuration list for PBXProject "ImagePicker" */ = {
			isa = XCConfigurationList;
			buildConfigurations = (
				28713CA11EA8AFB50074A170 /* Debug */,
				28713CA21EA8AFB50074A170 /* Release */,
			);
			defaultConfigurationIsVisible = 0;
			defaultConfigurationName = Release;
		};
		28713CA31EA8AFB50074A170 /* Build configuration list for PBXNativeTarget "ImagePicker" */ = {
			isa = XCConfigurationList;
			buildConfigurations = (
				28713CA41EA8AFB50074A170 /* Debug */,
				28713CA51EA8AFB50074A170 /* Release */,
			);
			defaultConfigurationIsVisible = 0;
		};
/* End XCConfigurationList section */
	};
	rootObject = 28713C891EA8AFB50074A170 /* Project object */;
}
