// !$*UTF8*$!
{
	archiveVersion = 1;
	classes = {
	};
	objectVersion = 46;
	objects = {

/* Begin PBXBuildFile section */
		28A76FC31E94EEEC00984CAF /* AppDelegate.swift in Sources */ = {isa = PBXBuildFile; fileRef = 28A76FC21E94EEEC00984CAF /* AppDelegate.swift */; };
		28A76FC51E94EEEC00984CAF /* ViewController.swift in Sources */ = {isa = PBXBuildFile; fileRef = 28A76FC41E94EEEC00984CAF /* ViewController.swift */; };
		28A76FC81E94EEEC00984CAF /* Main.storyboard in Resources */ = {isa = PBXBuildFile; fileRef = 28A76FC61E94EEEC00984CAF /* Main.storyboard */; };
		28A76FCA1E94EEEC00984CAF /* Assets.xcassets in Resources */ = {isa = PBXBuildFile; fileRef = 28A76FC91E94EEEC00984CAF /* Assets.xcassets */; };
		28A76FCD1E94EEEC00984CAF /* LaunchScreen.storyboard in Resources */ = {isa = PBXBuildFile; fileRef = 28A76FCB1E94EEEC00984CAF /* LaunchScreen.storyboard */; };
/* End PBXBuildFile section */

/* Begin PBXFileReference section */
		28A76FBF1E94EEEC00984CAF /* ContinueLabel.app */ = {isa = PBXFileReference; explicitFileType = wrapper.application; includeInIndex = 0; path = ContinueLabel.app; sourceTree = BUILT_PRODUCTS_DIR; };
		28A76FC21E94EEEC00984CAF /* AppDelegate.swift */ = {isa = PBXFileReference; lastKnownFileType = sourcecode.swift; path = AppDelegate.swift; sourceTree = "<group>"; };
		28A76FC41E94EEEC00984CAF /* ViewController.swift */ = {isa = PBXFileReference; lastKnownFileType = sourcecode.swift; path = ViewController.swift; sourceTree = "<group>"; };
		28A76FC71E94EEEC00984CAF /* Base */ = {isa = PBXFileReference; lastKnownFileType = file.storyboard; name = Base; path = Base.lproj/Main.storyboard; sourceTree = "<group>"; };
		28A76FC91E94EEEC00984CAF /* Assets.xcassets */ = {isa = PBXFileReference; lastKnownFileType = folder.assetcatalog; path = Assets.xcassets; sourceTree = "<group>"; };
		28A76FCC1E94EEEC00984CAF /* Base */ = {isa = PBXFileReference; lastKnownFileType = file.storyboard; name = Base; path = Base.lproj/LaunchScreen.storyboard; sourceTree = "<group>"; };
		28A76FCE1E94EEEC00984CAF /* Info.plist */ = {isa = PBXFileReference; lastKnownFileType = text.plist.xml; path = Info.plist; sourceTree = "<group>"; };
/* End PBXFileReference section */

/* Begin PBXFrameworksBuildPhase section */
		28A76FBC1E94EEEB00984CAF /* Frameworks */ = {
			isa = PBXFrameworksBuildPhase;
			buildActionMask = 2147483647;
			files = (
			);
			runOnlyForDeploymentPostprocessing = 0;
		};
/* End PBXFrameworksBuildPhase section */

/* Begin PBXGroup section */
		28A76FB61E94EEEB00984CAF = {
			isa = PBXGroup;
			children = (
				28A76FC11E94EEEC00984CAF /* ContinueLabel */,
				28A76FC01E94EEEC00984CAF /* Products */,
			);
			sourceTree = "<group>";
		};
		28A76FC01E94EEEC00984CAF /* Products */ = {
			isa = PBXGroup;
			children = (
				28A76FBF1E94EEEC00984CAF /* ContinueLabel.app */,
			);
			name = Products;
			sourceTree = "<group>";
		};
		28A76FC11E94EEEC00984CAF /* ContinueLabel */ = {
			isa = PBXGroup;
			children = (
				28A76FC21E94EEEC00984CAF /* AppDelegate.swift */,
				28A76FC41E94EEEC00984CAF /* ViewController.swift */,
				28A76FC61E94EEEC00984CAF /* Main.storyboard */,
				28A76FC91E94EEEC00984CAF /* Assets.xcassets */,
				28A76FCB1E94EEEC00984CAF /* LaunchScreen.storyboard */,
				28A76FCE1E94EEEC00984CAF /* Info.plist */,
			);
			path = ContinueLabel;
			sourceTree = "<group>";
		};
/* End PBXGroup section */

/* Begin PBXNativeTarget section */
		28A76FBE1E94EEEB00984CAF /* ContinueLabel */ = {
			isa = PBXNativeTarget;
			buildConfigurationList = 28A76FD11E94EEEC00984CAF /* Build configuration list for PBXNativeTarget "ContinueLabel" */;
			buildPhases = (
				28A76FBB1E94EEEB00984CAF /* Sources */,
				28A76FBC1E94EEEB00984CAF /* Frameworks */,
				28A76FBD1E94EEEB00984CAF /* Resources */,
			);
			buildRules = (
			);
			dependencies = (
			);
			name = ContinueLabel;
			productName = ContinueLabel;
			productReference = 28A76FBF1E94EEEC00984CAF /* ContinueLabel.app */;
			productType = "com.apple.product-type.application";
		};
/* End PBXNativeTarget section */

/* Begin PBXProject section */
		28A76FB71E94EEEB00984CAF /* Project object */ = {
			isa = PBXProject;
			attributes = {
				LastSwiftUpdateCheck = 0730;
				LastUpgradeCheck = 0730;
				ORGANIZATIONNAME = RBT;
				TargetAttributes = {
					28A76FBE1E94EEEB00984CAF = {
						CreatedOnToolsVersion = 7.3.1;
					};
				};
			};
			buildConfigurationList = 28A76FBA1E94EEEB00984CAF /* Build configuration list for PBXProject "ContinueLabel" */;
			compatibilityVersion = "Xcode 3.2";
			developmentRegion = English;
			hasScannedForEncodings = 0;
			knownRegions = (
				en,
				Base,
			);
			mainGroup = 28A76FB61E94EEEB00984CAF;
			productRefGroup = 28A76FC01E94EEEC00984CAF /* Products */;
			projectDirPath = "";
			projectRoot = "";
			targets = (
				28A76FBE1E94EEEB00984CAF /* ContinueLabel */,
			);
		};
/* End PBXProject section */

/* Begin PBXResourcesBuildPhase section */
		28A76FBD1E94EEEB00984CAF /* Resources */ = {
			isa = PBXResourcesBuildPhase;
			buildActionMask = 2147483647;
			files = (
				28A76FCD1E94EEEC00984CAF /* LaunchScreen.storyboard in Resources */,
				28A76FCA1E94EEEC00984CAF /* Assets.xcassets in Resources */,
				28A76FC81E94EEEC00984CAF /* Main.storyboard in Resources */,
			);
			runOnlyForDeploymentPostprocessing = 0;
		};
/* End PBXResourcesBuildPhase section */

/* Begin PBXSourcesBuildPhase section */
		28A76FBB1E94EEEB00984CAF /* Sources */ = {
			isa = PBXSourcesBuildPhase;
			buildActionMask = 2147483647;
			files = (
				28A76FC51E94EEEC00984CAF /* ViewController.swift in Sources */,
				28A76FC31E94EEEC00984CAF /* AppDelegate.swift in Sources */,
			);
			runOnlyForDeploymentPostprocessing = 0;
		};
/* End PBXSourcesBuildPhase section */

/* Begin PBXVariantGroup section */
		28A76FC61E94EEEC00984CAF /* Main.storyboard */ = {
			isa = PBXVariantGroup;
			children = (
				28A76FC71E94EEEC00984CAF /* Base */,
			);
			name = Main.storyboard;
			sourceTree = "<group>";
		};
		28A76FCB1E94EEEC00984CAF /* LaunchScreen.storyboard */ = {
			isa = PBXVariantGroup;
			children = (
				28A76FCC1E94EEEC00984CAF /* Base */,
			);
			name = LaunchScreen.storyboard;
			sourceTree = "<group>";
		};
/* End PBXVariantGroup section */

/* Begin XCBuildConfiguration section */
		28A76FCF1E94EEEC00984CAF /* Debug */ = {
			isa = XCBuildConfiguration;
			buildSettings = {
				ALWAYS_SEARCH_USER_PATHS = NO;
				CLANG_ANALYZER_NONNULL = YES;
				CLANG_CXX_LANGUAGE_STANDARD = "gnu++0x";
				CLANG_CXX_LIBRARY = "libc++";
				CLANG_ENABLE_MODULES = YES;
				CLANG_ENABLE_OBJC_ARC = YES;
				CLANG_WARN_BOOL_CONVERSION = YES;
				CLANG_WARN_CONSTANT_CONVERSION = YES;
				CLANG_WARN_DIRECT_OBJC_ISA_USAGE = YES_ERROR;
				CLANG_WARN_EMPTY_BODY = YES;
				CLANG_WARN_ENUM_CONVERSION = YES;
				CLANG_WARN_INT_CONVERSION = YES;
				CLANG_WARN_OBJC_ROOT_CLASS = YES_ERROR;
				CLANG_WARN_UNREACHABLE_CODE = YES;
				CLANG_WARN__DUPLICATE_METHOD_MATCH = YES;
				"CODE_SIGN_IDENTITY[sdk=iphoneos*]" = "iPhone Developer";
				COPY_PHASE_STRIP = NO;
				DEBUG_INFORMATION_FORMAT = dwarf;
				ENABLE_STRICT_OBJC_MSGSEND = YES;
				ENABLE_TESTABILITY = YES;
				GCC_C_LANGUAGE_STANDARD = gnu99;
				GCC_DYNAMIC_NO_PIC = NO;
				GCC_NO_COMMON_BLOCKS = YES;
				GCC_OPTIMIZATION_LEVEL = 0;
				GCC_PREPROCESSOR_DEFINITIONS = (
					"DEBUG=1",
					"$(inherited)",
				);
				GCC_WARN_64_TO_32_BIT_CONVERSION = YES;
				GCC_WARN_ABOUT_RETURN_TYPE = YES_ERROR;
				GCC_WARN_UNDECLARED_SELECTOR = YES;
				GCC_WARN_UNINITIALIZED_AUTOS = YES_AGGRESSIVE;
				GCC_WARN_UNUSED_FUNCTION = YES;
				GCC_WARN_UNUSED_VARIABLE = YES;
				IPHONEOS_DEPLOYMENT_TARGET = 9.3;
				MTL_ENABLE_DEBUG_INFO = YES;
				ONLY_ACTIVE_ARCH = YES;
				SDKROOT = iphoneos;
				SWIFT_OPTIMIZATION_LEVEL = "-Onone";
			};
			name = Debug;
		};
		28A76FD01E94EEEC00984CAF /* Release */ = {
			isa = XCBuildConfiguration;
			buildSettings = {
				ALWAYS_SEARCH_USER_PATHS = NO;
				CLANG_ANALYZER_NONNULL = YES;
				CLANG_CXX_LANGUAGE_STANDARD = "gnu++0x";
				CLANG_CXX_LIBRARY = "libc++";
				CLANG_ENABLE_MODULES = YES;
				CLANG_ENABLE_OBJC_ARC = YES;
				CLANG_WARN_BOOL_CONVERSION = YES;
				CLANG_WARN_CONSTANT_CONVERSION = YES;
				CLANG_WARN_DIRECT_OBJC_ISA_USAGE = YES_ERROR;
				CLANG_WARN_EMPTY_BODY = YES;
				CLANG_WARN_ENUM_CONVERSION = YES;
				CLANG_WARN_INT_CONVERSION = YES;
				CLANG_WARN_OBJC_ROOT_CLASS = YES_ERROR;
				CLANG_WARN_UNREACHABLE_CODE = YES;
				CLANG_WARN__DUPLICATE_METHOD_MATCH = YES;
				"CODE_SIGN_IDENTITY[sdk=iphoneos*]" = "iPhone Developer";
				COPY_PHASE_STRIP = NO;
				DEBUG_INFORMATION_FORMAT = "dwarf-with-dsym";
				ENABLE_NS_ASSERTIONS = NO;
				ENABLE_STRICT_OBJC_MSGSEND = YES;
				GCC_C_LANGUAGE_STANDARD = gnu99;
				GCC_NO_COMMON_BLOCKS = YES;
				GCC_WARN_64_TO_32_BIT_CONVERSION = YES;
				GCC_WARN_ABOUT_RETURN_TYPE = YES_ERROR;
				GCC_WARN_UNDECLARED_SELECTOR = YES;
				GCC_WARN_UNINITIALIZED_AUTOS = YES_AGGRESSIVE;
				GCC_WARN_UNUSED_FUNCTION = YES;
				GCC_WARN_UNUSED_VARIABLE = YES;
				IPHONEOS_DEPLOYMENT_TARGET = 9.3;
				MTL_ENABLE_DEBUG_INFO = NO;
				SDKROOT = iphoneos;
				VALIDATE_PRODUCT = YES;
			};
			name = Release;
		};
		28A76FD21E94EEEC00984CAF /* Debug */ = {
			isa = XCBuildConfiguration;
			buildSettings = {
				ASSETCATALOG_COMPILER_APPICON_NAME = AppIcon;
				INFOPLIST_FILE = ContinueLabel/Info.plist;
				LD_RUNPATH_SEARCH_PATHS = "$(inherited) @executable_path/Frameworks";
				PRODUCT_BUNDLE_IDENTIFIER = com.example.com.ContinueLabel;
				PRODUCT_NAME = "$(TARGET_NAME)";
			};
			name = Debug;
		};
		28A76FD31E94EEEC00984CAF /* Release */ = {
			isa = XCBuildConfiguration;
			buildSettings = {
				ASSETCATALOG_COMPILER_APPICON_NAME = AppIcon;
				INFOPLIST_FILE = ContinueLabel/Info.plist;
				LD_RUNPATH_SEARCH_PATHS = "$(inherited) @executable_path/Frameworks";
				PRODUCT_BUNDLE_IDENTIFIER = com.example.com.ContinueLabel;
				PRODUCT_NAME = "$(TARGET_NAME)";
			};
			name = Release;
		};
/* End XCBuildConfiguration section */

/* Begin XCConfigurationList section */
		28A76FBA1E94EEEB00984CAF /* Build configuration list for PBXProject "ContinueLabel" */ = {
			isa = XCConfigurationList;
			buildConfigurations = (
				28A76FCF1E94EEEC00984CAF /* Debug */,
				28A76FD01E94EEEC00984CAF /* Release */,
			);
			defaultConfigurationIsVisible = 0;
			defaultConfigurationName = Release;
		};
		28A76FD11E94EEEC00984CAF /* Build configuration list for PBXNativeTarget "ContinueLabel" */ = {
			isa = XCConfigurationList;
			buildConfigurations = (
				28A76FD21E94EEEC00984CAF /* Debug */,
				28A76FD31E94EEEC00984CAF /* Release */,
			);
			defaultConfigurationIsVisible = 0;
		};
/* End XCConfigurationList section */
	};
	rootObject = 28A76FB71E94EEEB00984CAF /* Project object */;
}
