// !$*UTF8*$!
{
	archiveVersion = 1;
	classes = {
	};
	objectVersion = 46;
	objects = {

/* Begin PBXBuildFile section */
		E9656D221F021F0700A8E017 /* AppDelegate.swift in Sources */ = {isa = PBXBuildFile; fileRef = E9656D211F021F0700A8E017 /* AppDelegate.swift */; };
		E9656D241F021F0700A8E017 /* ViewController.swift in Sources */ = {isa = PBXBuildFile; fileRef = E9656D231F021F0700A8E017 /* ViewController.swift */; };
		E9656D271F021F0700A8E017 /* Main.storyboard in Resources */ = {isa = PBXBuildFile; fileRef = E9656D251F021F0700A8E017 /* Main.storyboard */; };
		E9656D291F021F0700A8E017 /* Assets.xcassets in Resources */ = {isa = PBXBuildFile; fileRef = E9656D281F021F0700A8E017 /* Assets.xcassets */; };
		E9656D2C1F021F0700A8E017 /* LaunchScreen.storyboard in Resources */ = {isa = PBXBuildFile; fileRef = E9656D2A1F021F0700A8E017 /* LaunchScreen.storyboard */; };
		E9656FDA1F02202300A8E017 /* ContactsData.m in Sources */ = {isa = PBXBuildFile; fileRef = E9656D381F02201F00A8E017 /* ContactsData.m */; };
		E9656FDB1F02202300A8E017 /* SystemContacts.m in Sources */ = {isa = PBXBuildFile; fileRef = E9656D3A1F02201F00A8E017 /* SystemContacts.m */; };
		E9656FDC1F02202300A8E017 /* UIAlertView+Blocks.m in Sources */ = {isa = PBXBuildFile; fileRef = E9656D3C1F02201F00A8E017 /* UIAlertView+Blocks.m */; };
		E9656FDD1F02202300A8E017 /* CustomImagePicker.m in Sources */ = {isa = PBXBuildFile; fileRef = E9656D3F1F02201F00A8E017 /* CustomImagePicker.m */; };
		E9656FDE1F02202300A8E017 /* CustomLocationManager.m in Sources */ = {isa = PBXBuildFile; fileRef = E9656D421F02201F00A8E017 /* CustomLocationManager.m */; };
		E96570151F02202300A8E017 /* ImagePicker.swift in Sources */ = {isa = PBXBuildFile; fileRef = E9656DC11F02202000A8E017 /* ImagePicker.swift */; };
		E96570F61F02202300A8E017 /* CustomAlert.cs in Resources */ = {isa = PBXBuildFile; fileRef = E9656FD81F02202300A8E017 /* CustomAlert.cs */; };
/* End PBXBuildFile section */

/* Begin PBXFileReference section */
		E9656D1E1F021F0700A8E017 /* Test.app */ = {isa = PBXFileReference; explicitFileType = wrapper.application; includeInIndex = 0; path = Test.app; sourceTree = BUILT_PRODUCTS_DIR; };
		E9656D211F021F0700A8E017 /* AppDelegate.swift */ = {isa = PBXFileReference; lastKnownFileType = sourcecode.swift; path = AppDelegate.swift; sourceTree = "<group>"; };
		E9656D231F021F0700A8E017 /* ViewController.swift */ = {isa = PBXFileReference; lastKnownFileType = sourcecode.swift; path = ViewController.swift; sourceTree = "<group>"; };
		E9656D261F021F0700A8E017 /* Base */ = {isa = PBXFileReference; lastKnownFileType = file.storyboard; name = Base; path = Base.lproj/Main.storyboard; sourceTree = "<group>"; };
		E9656D281F021F0700A8E017 /* Assets.xcassets */ = {isa = PBXFileReference; lastKnownFileType = folder.assetcatalog; path = Assets.xcassets; sourceTree = "<group>"; };
		E9656D2B1F021F0700A8E017 /* Base */ = {isa = PBXFileReference; lastKnownFileType = file.storyboard; name = Base; path = Base.lproj/LaunchScreen.storyboard; sourceTree = "<group>"; };
		E9656D2D1F021F0700A8E017 /* Info.plist */ = {isa = PBXFileReference; lastKnownFileType = text.plist.xml; path = Info.plist; sourceTree = "<group>"; };
		E9656D371F02201F00A8E017 /* ContactsData.h */ = {isa = PBXFileReference; fileEncoding = 4; lastKnownFileType = sourcecode.c.h; path = ContactsData.h; sourceTree = "<group>"; };
		E9656D381F02201F00A8E017 /* ContactsData.m */ = {isa = PBXFileReference; fileEncoding = 4; lastKnownFileType = sourcecode.c.objc; path = ContactsData.m; sourceTree = "<group>"; };
		E9656D391F02201F00A8E017 /* SystemContacts.h */ = {isa = PBXFileReference; fileEncoding = 4; lastKnownFileType = sourcecode.c.h; path = SystemContacts.h; sourceTree = "<group>"; };
		E9656D3A1F02201F00A8E017 /* SystemContacts.m */ = {isa = PBXFileReference; fileEncoding = 4; lastKnownFileType = sourcecode.c.objc; path = SystemContacts.m; sourceTree = "<group>"; };
		E9656D3B1F02201F00A8E017 /* UIAlertView+Blocks.h */ = {isa = PBXFileReference; fileEncoding = 4; lastKnownFileType = sourcecode.c.h; path = "UIAlertView+Blocks.h"; sourceTree = "<group>"; };
		E9656D3C1F02201F00A8E017 /* UIAlertView+Blocks.m */ = {isa = PBXFileReference; fileEncoding = 4; lastKnownFileType = sourcecode.c.objc; path = "UIAlertView+Blocks.m"; sourceTree = "<group>"; };
		E9656D3E1F02201F00A8E017 /* CustomImagePicker.h */ = {isa = PBXFileReference; fileEncoding = 4; lastKnownFileType = sourcecode.c.h; path = CustomImagePicker.h; sourceTree = "<group>"; };
		E9656D3F1F02201F00A8E017 /* CustomImagePicker.m */ = {isa = PBXFileReference; fileEncoding = 4; lastKnownFileType = sourcecode.c.objc; path = CustomImagePicker.m; sourceTree = "<group>"; };
		E9656D411F02201F00A8E017 /* CustomLocationManager.h */ = {isa = PBXFileReference; fileEncoding = 4; lastKnownFileType = sourcecode.c.h; path = CustomLocationManager.h; sourceTree = "<group>"; };
		E9656D421F02201F00A8E017 /* CustomLocationManager.m */ = {isa = PBXFileReference; fileEncoding = 4; lastKnownFileType = sourcecode.c.objc; path = CustomLocationManager.m; sourceTree = "<group>"; };
		E9656DC11F02202000A8E017 /* ImagePicker.swift */ = {isa = PBXFileReference; fileEncoding = 4; lastKnownFileType = sourcecode.swift; path = ImagePicker.swift; sourceTree = "<group>"; };
		E9656FD81F02202300A8E017 /* CustomAlert.cs */ = {isa = PBXFileReference; fileEncoding = 4; lastKnownFileType = text; path = CustomAlert.cs; sourceTree = "<group>"; };
/* End PBXFileReference section */

/* Begin PBXFrameworksBuildPhase section */
		E9656D1B1F021F0700A8E017 /* Frameworks */ = {
			isa = PBXFrameworksBuildPhase;
			buildActionMask = 2147483647;
			files = (
			);
			runOnlyForDeploymentPostprocessing = 0;
		};
/* End PBXFrameworksBuildPhase section */

/* Begin PBXGroup section */
		E9656D151F021F0700A8E017 = {
			isa = PBXGroup;
			children = (
				E9656D201F021F0700A8E017 /* Test */,
				E9656D1F1F021F0700A8E017 /* Products */,
			);
			sourceTree = "<group>";
		};
		E9656D1F1F021F0700A8E017 /* Products */ = {
			isa = PBXGroup;
			children = (
				E9656D1E1F021F0700A8E017 /* Test.app */,
			);
			name = Products;
			sourceTree = "<group>";
		};
		E9656D201F021F0700A8E017 /* Test */ = {
			isa = PBXGroup;
			children = (
				E9656D331F02201F00A8E017 /* iOS */,
				E9656D211F021F0700A8E017 /* AppDelegate.swift */,
				E9656D231F021F0700A8E017 /* ViewController.swift */,
				E9656D251F021F0700A8E017 /* Main.storyboard */,
				E9656D281F021F0700A8E017 /* Assets.xcassets */,
				E9656D2A1F021F0700A8E017 /* LaunchScreen.storyboard */,
				E9656D2D1F021F0700A8E017 /* Info.plist */,
			);
			path = Test;
			sourceTree = "<group>";
		};
		E9656D331F02201F00A8E017 /* iOS */ = {
			isa = PBXGroup;
			children = (
				E9656D341F02201F00A8E017 /* Objective-C */,
				E9656DBE1F02202000A8E017 /* Swift */,
				E9656FD61F02202300A8E017 /* Xamarin */,
			);
			path = iOS;
			sourceTree = "<group>";
		};
		E9656D341F02201F00A8E017 /* Objective-C */ = {
			isa = PBXGroup;
			children = (
				E9656D351F02201F00A8E017 /* Libraries */,
			);
			path = "Objective-C";
			sourceTree = "<group>";
		};
		E9656D351F02201F00A8E017 /* Libraries */ = {
			isa = PBXGroup;
			children = (
				E9656D361F02201F00A8E017 /* ContactClass */,
				E9656D3D1F02201F00A8E017 /* ImagePicker */,
				E9656D401F02201F00A8E017 /* LocationManager */,
			);
			path = Libraries;
			sourceTree = "<group>";
		};
		E9656D361F02201F00A8E017 /* ContactClass */ = {
			isa = PBXGroup;
			children = (
				E9656D371F02201F00A8E017 /* ContactsData.h */,
				E9656D381F02201F00A8E017 /* ContactsData.m */,
				E9656D391F02201F00A8E017 /* SystemContacts.h */,
				E9656D3A1F02201F00A8E017 /* SystemContacts.m */,
				E9656D3B1F02201F00A8E017 /* UIAlertView+Blocks.h */,
				E9656D3C1F02201F00A8E017 /* UIAlertView+Blocks.m */,
			);
			path = ContactClass;
			sourceTree = "<group>";
		};
		E9656D3D1F02201F00A8E017 /* ImagePicker */ = {
			isa = PBXGroup;
			children = (
				E9656D3E1F02201F00A8E017 /* CustomImagePicker.h */,
				E9656D3F1F02201F00A8E017 /* CustomImagePicker.m */,
			);
			path = ImagePicker;
			sourceTree = "<group>";
		};
		E9656D401F02201F00A8E017 /* LocationManager */ = {
			isa = PBXGroup;
			children = (
				E9656D411F02201F00A8E017 /* CustomLocationManager.h */,
				E9656D421F02201F00A8E017 /* CustomLocationManager.m */,
			);
			path = LocationManager;
			sourceTree = "<group>";
		};
		E9656DBE1F02202000A8E017 /* Swift */ = {
			isa = PBXGroup;
			children = (
				E9656DBF1F02202000A8E017 /* Libraries */,
			);
			path = Swift;
			sourceTree = "<group>";
		};
		E9656DBF1F02202000A8E017 /* Libraries */ = {
			isa = PBXGroup;
			children = (
				E9656DC01F02202000A8E017 /* ImagePicker */,
			);
			path = Libraries;
			sourceTree = "<group>";
		};
		E9656DC01F02202000A8E017 /* ImagePicker */ = {
			isa = PBXGroup;
			children = (
				E9656DC11F02202000A8E017 /* ImagePicker.swift */,
			);
			path = ImagePicker;
			sourceTree = "<group>";
		};
		E9656FD61F02202300A8E017 /* Xamarin */ = {
			isa = PBXGroup;
			children = (
				E9656FD71F02202300A8E017 /* Libraries */,
			);
			path = Xamarin;
			sourceTree = "<group>";
		};
		E9656FD71F02202300A8E017 /* Libraries */ = {
			isa = PBXGroup;
			children = (
				E9656FD81F02202300A8E017 /* CustomAlert.cs */,
			);
			path = Libraries;
			sourceTree = "<group>";
		};
/* End PBXGroup section */

/* Begin PBXNativeTarget section */
		E9656D1D1F021F0700A8E017 /* Test */ = {
			isa = PBXNativeTarget;
			buildConfigurationList = E9656D301F021F0700A8E017 /* Build configuration list for PBXNativeTarget "Test" */;
			buildPhases = (
				E9656D1A1F021F0700A8E017 /* Sources */,
				E9656D1B1F021F0700A8E017 /* Frameworks */,
				E9656D1C1F021F0700A8E017 /* Resources */,
			);
			buildRules = (
			);
			dependencies = (
			);
			name = Test;
			productName = Test;
			productReference = E9656D1E1F021F0700A8E017 /* Test.app */;
			productType = "com.apple.product-type.application";
		};
/* End PBXNativeTarget section */

/* Begin PBXProject section */
		E9656D161F021F0700A8E017 /* Project object */ = {
			isa = PBXProject;
			attributes = {
				LastSwiftUpdateCheck = 0820;
				LastUpgradeCheck = 0820;
				ORGANIZATIONNAME = TestOrg;
				TargetAttributes = {
					E9656D1D1F021F0700A8E017 = {
						CreatedOnToolsVersion = 8.2.1;
						ProvisioningStyle = Automatic;
					};
				};
			};
			buildConfigurationList = E9656D191F021F0700A8E017 /* Build configuration list for PBXProject "Test" */;
			compatibilityVersion = "Xcode 3.2";
			developmentRegion = English;
			hasScannedForEncodings = 0;
			knownRegions = (
				en,
				Base,
			);
			mainGroup = E9656D151F021F0700A8E017;
			productRefGroup = E9656D1F1F021F0700A8E017 /* Products */;
			projectDirPath = "";
			projectRoot = "";
			targets = (
				E9656D1D1F021F0700A8E017 /* Test */,
			);
		};
/* End PBXProject section */

/* Begin PBXResourcesBuildPhase section */
		E9656D1C1F021F0700A8E017 /* Resources */ = {
			isa = PBXResourcesBuildPhase;
			buildActionMask = 2147483647;
			files = (
				E96570F61F02202300A8E017 /* CustomAlert.cs in Resources */,
				E9656D2C1F021F0700A8E017 /* LaunchScreen.storyboard in Resources */,
				E9656D291F021F0700A8E017 /* Assets.xcassets in Resources */,
				E9656D271F021F0700A8E017 /* Main.storyboard in Resources */,
			);
			runOnlyForDeploymentPostprocessing = 0;
		};
/* End PBXResourcesBuildPhase section */

/* Begin PBXSourcesBuildPhase section */
		E9656D1A1F021F0700A8E017 /* Sources */ = {
			isa = PBXSourcesBuildPhase;
			buildActionMask = 2147483647;
			files = (
				E9656FDD1F02202300A8E017 /* CustomImagePicker.m in Sources */,
				E9656D241F021F0700A8E017 /* ViewController.swift in Sources */,
				E9656FDA1F02202300A8E017 /* ContactsData.m in Sources */,
				E9656FDC1F02202300A8E017 /* UIAlertView+Blocks.m in Sources */,
				E9656D221F021F0700A8E017 /* AppDelegate.swift in Sources */,
				E96570151F02202300A8E017 /* ImagePicker.swift in Sources */,
				E9656FDE1F02202300A8E017 /* CustomLocationManager.m in Sources */,
				E9656FDB1F02202300A8E017 /* SystemContacts.m in Sources */,
			);
			runOnlyForDeploymentPostprocessing = 0;
		};
/* End PBXSourcesBuildPhase section */

/* Begin PBXVariantGroup section */
		E9656D251F021F0700A8E017 /* Main.storyboard */ = {
			isa = PBXVariantGroup;
			children = (
				E9656D261F021F0700A8E017 /* Base */,
			);
			name = Main.storyboard;
			sourceTree = "<group>";
		};
		E9656D2A1F021F0700A8E017 /* LaunchScreen.storyboard */ = {
			isa = PBXVariantGroup;
			children = (
				E9656D2B1F021F0700A8E017 /* Base */,
			);
			name = LaunchScreen.storyboard;
			sourceTree = "<group>";
		};
/* End PBXVariantGroup section */

/* Begin XCBuildConfiguration section */
		E9656D2E1F021F0700A8E017 /* Debug */ = {
			isa = XCBuildConfiguration;
			buildSettings = {
				ALWAYS_SEARCH_USER_PATHS = NO;
				CLANG_ANALYZER_NONNULL = YES;
				CLANG_CXX_LANGUAGE_STANDARD = "gnu++0x";
				CLANG_CXX_LIBRARY = "libc++";
				CLANG_ENABLE_MODULES = YES;
				CLANG_ENABLE_OBJC_ARC = YES;
				CLANG_WARN_BOOL_CONVERSION = YES;
				CLANG_WARN_CONSTANT_CONVERSION = YES;
				CLANG_WARN_DIRECT_OBJC_ISA_USAGE = YES_ERROR;
				CLANG_WARN_DOCUMENTATION_COMMENTS = YES;
				CLANG_WARN_EMPTY_BODY = YES;
				CLANG_WARN_ENUM_CONVERSION = YES;
				CLANG_WARN_INFINITE_RECURSION = YES;
				CLANG_WARN_INT_CONVERSION = YES;
				CLANG_WARN_OBJC_ROOT_CLASS = YES_ERROR;
				CLANG_WARN_SUSPICIOUS_MOVE = YES;
				CLANG_WARN_UNREACHABLE_CODE = YES;
				CLANG_WARN__DUPLICATE_METHOD_MATCH = YES;
				"CODE_SIGN_IDENTITY[sdk=iphoneos*]" = "iPhone Developer";
				COPY_PHASE_STRIP = NO;
				DEBUG_INFORMATION_FORMAT = dwarf;
				ENABLE_STRICT_OBJC_MSGSEND = YES;
				ENABLE_TESTABILITY = YES;
				GCC_C_LANGUAGE_STANDARD = gnu99;
				GCC_DYNAMIC_NO_PIC = NO;
				GCC_NO_COMMON_BLOCKS = YES;
				GCC_OPTIMIZATION_LEVEL = 0;
				GCC_PREPROCESSOR_DEFINITIONS = (
					"DEBUG=1",
					"$(inherited)",
				);
				GCC_WARN_64_TO_32_BIT_CONVERSION = YES;
				GCC_WARN_ABOUT_RETURN_TYPE = YES_ERROR;
				GCC_WARN_UNDECLARED_SELECTOR = YES;
				GCC_WARN_UNINITIALIZED_AUTOS = YES_AGGRESSIVE;
				GCC_WARN_UNUSED_FUNCTION = YES;
				GCC_WARN_UNUSED_VARIABLE = YES;
				IPHONEOS_DEPLOYMENT_TARGET = 10.2;
				MTL_ENABLE_DEBUG_INFO = YES;
				ONLY_ACTIVE_ARCH = YES;
				SDKROOT = iphoneos;
				SWIFT_ACTIVE_COMPILATION_CONDITIONS = DEBUG;
				SWIFT_OPTIMIZATION_LEVEL = "-Onone";
			};
			name = Debug;
		};
		E9656D2F1F021F0700A8E017 /* Release */ = {
			isa = XCBuildConfiguration;
			buildSettings = {
				ALWAYS_SEARCH_USER_PATHS = NO;
				CLANG_ANALYZER_NONNULL = YES;
				CLANG_CXX_LANGUAGE_STANDARD = "gnu++0x";
				CLANG_CXX_LIBRARY = "libc++";
				CLANG_ENABLE_MODULES = YES;
				CLANG_ENABLE_OBJC_ARC = YES;
				CLANG_WARN_BOOL_CONVERSION = YES;
				CLANG_WARN_CONSTANT_CONVERSION = YES;
				CLANG_WARN_DIRECT_OBJC_ISA_USAGE = YES_ERROR;
				CLANG_WARN_DOCUMENTATION_COMMENTS = YES;
				CLANG_WARN_EMPTY_BODY = YES;
				CLANG_WARN_ENUM_CONVERSION = YES;
				CLANG_WARN_INFINITE_RECURSION = YES;
				CLANG_WARN_INT_CONVERSION = YES;
				CLANG_WARN_OBJC_ROOT_CLASS = YES_ERROR;
				CLANG_WARN_SUSPICIOUS_MOVE = YES;
				CLANG_WARN_UNREACHABLE_CODE = YES;
				CLANG_WARN__DUPLICATE_METHOD_MATCH = YES;
				"CODE_SIGN_IDENTITY[sdk=iphoneos*]" = "iPhone Developer";
				COPY_PHASE_STRIP = NO;
				DEBUG_INFORMATION_FORMAT = "dwarf-with-dsym";
				ENABLE_NS_ASSERTIONS = NO;
				ENABLE_STRICT_OBJC_MSGSEND = YES;
				GCC_C_LANGUAGE_STANDARD = gnu99;
				GCC_NO_COMMON_BLOCKS = YES;
				GCC_WARN_64_TO_32_BIT_CONVERSION = YES;
				GCC_WARN_ABOUT_RETURN_TYPE = YES_ERROR;
				GCC_WARN_UNDECLARED_SELECTOR = YES;
				GCC_WARN_UNINITIALIZED_AUTOS = YES_AGGRESSIVE;
				GCC_WARN_UNUSED_FUNCTION = YES;
				GCC_WARN_UNUSED_VARIABLE = YES;
				IPHONEOS_DEPLOYMENT_TARGET = 10.2;
				MTL_ENABLE_DEBUG_INFO = NO;
				SDKROOT = iphoneos;
				SWIFT_OPTIMIZATION_LEVEL = "-Owholemodule";
				VALIDATE_PRODUCT = YES;
			};
			name = Release;
		};
		E9656D311F021F0700A8E017 /* Debug */ = {
			isa = XCBuildConfiguration;
			buildSettings = {
				ASSETCATALOG_COMPILER_APPICON_NAME = AppIcon;
				FRAMEWORK_SEARCH_PATHS = (
					"$(inherited)",
					"$(PROJECT_DIR)/Test/iOS/Swift/Practice/QuickChat/QuickChat",
				);
				INFOPLIST_FILE = Test/Info.plist;
				LD_RUNPATH_SEARCH_PATHS = "$(inherited) @executable_path/Frameworks";
				PRODUCT_BUNDLE_IDENTIFIER = testOrg.com.Test;
				PRODUCT_NAME = "$(TARGET_NAME)";
				SWIFT_VERSION = 3.0;
			};
			name = Debug;
		};
		E9656D321F021F0700A8E017 /* Release */ = {
			isa = XCBuildConfiguration;
			buildSettings = {
				ASSETCATALOG_COMPILER_APPICON_NAME = AppIcon;
				FRAMEWORK_SEARCH_PATHS = (
					"$(inherited)",
					"$(PROJECT_DIR)/Test/iOS/Swift/Practice/QuickChat/QuickChat",
				);
				INFOPLIST_FILE = Test/Info.plist;
				LD_RUNPATH_SEARCH_PATHS = "$(inherited) @executable_path/Frameworks";
				PRODUCT_BUNDLE_IDENTIFIER = testOrg.com.Test;
				PRODUCT_NAME = "$(TARGET_NAME)";
				SWIFT_VERSION = 3.0;
			};
			name = Release;
		};
/* End XCBuildConfiguration section */

/* Begin XCConfigurationList section */
		E9656D191F021F0700A8E017 /* Build configuration list for PBXProject "Test" */ = {
			isa = XCConfigurationList;
			buildConfigurations = (
				E9656D2E1F021F0700A8E017 /* Debug */,
				E9656D2F1F021F0700A8E017 /* Release */,
			);
			defaultConfigurationIsVisible = 0;
			defaultConfigurationName = Release;
		};
		E9656D301F021F0700A8E017 /* Build configuration list for PBXNativeTarget "Test" */ = {
			isa = XCConfigurationList;
			buildConfigurations = (
				E9656D311F021F0700A8E017 /* Debug */,
				E9656D321F021F0700A8E017 /* Release */,
			);
			defaultConfigurationIsVisible = 0;
			defaultConfigurationName = Release;
		};
/* End XCConfigurationList section */
	};
	rootObject = E9656D161F021F0700A8E017 /* Project object */;
}
